
Microsoft Visual Studio Solution File, Format Version 12.00
# Visual Studio Version 17
VisualStudioVersion = 17.14.36518.9 d17.14
MinimumVisualStudioVersion = 10.0.40219.1
Project("{FAE04EC0-301F-11D3-BF4B-00C04F79EFBC}") = "Games_Factory", "Games_Factory.csproj", "{58191076-C96E-4A9F-84AB-6E361D49328A}"
EndProject
Global
	GlobalSection(SolutionConfigurationPlatforms) = preSolution
		Debug|Any CPU = Debug|Any CPU
		Release|Any CPU = Release|Any CPU
	EndGlobalSection
	GlobalSection(ProjectConfigurationPlatforms) = postSolution
		{58191076-C96E-4A9F-84AB-6E361D49328A}.Debug|Any CPU.ActiveCfg = Debug|Any CPU
		{58191076-C96E-4A9F-84AB-6E361D49328A}.Debug|Any CPU.Build.0 = Debug|Any CPU
		{58191076-C96E-4A9F-84AB-6E361D49328A}.Release|Any CPU.ActiveCfg = Release|Any CPU
		{58191076-C96E-4A9F-84AB-6E361D49328A}.Release|Any CPU.Build.0 = Release|Any CPU
	EndGlobalSection
	GlobalSection(SolutionProperties) = preSolution
		HideSolutionNode = FALSE
	EndGlobalSection
	GlobalSection(ExtensibilityGlobals) = postSolution
		SolutionGuid = {BEBC2E27-2E98-486D-846A-B0E848C36184}
	EndGlobalSection
EndGlobal
